<?xml version="1.0" encoding="utf-8"?>
<Project ToolsVersion="4.0" xmlns="http://schemas.microsoft.com/developer/msbuild/2003">
  <ItemGroup>
    <ClCompile Include="Resource\mask_rectangle.cpp" />
    <ClCompile Include="Resource\mesh_dome.cpp" />
    <ClCompile Include="resource\camera.cpp" />
    <ClCompile Include="Resource\cubic_bezier.cpp" />
    <ClCompile Include="Resource\fan.cpp" />
    <ClCompile Include="Resource\field_manager.cpp" />
    <ClCompile Include="resource\light.cpp" />
    <ClCompile Include="resource\main.cpp" />
    <ClCompile Include="resource\pch.cpp" />
    <ClCompile Include="Resource\quadratic_bezier.cpp" />
    <ClCompile Include="Resource\spline_test.cpp" />
    <ClCompile Include="Resource\bounding_box.cpp">
      <Filter>&lt;Collider&gt;</Filter>
    </ClCompile>
    <ClCompile Include="Resource\bounding_cylinder.cpp">
      <Filter>&lt;Collider&gt;</Filter>
    </ClCompile>
    <ClCompile Include="Resource\bounding_sphere.cpp">
      <Filter>&lt;Collider&gt;</Filter>
    </ClCompile>
    <ClCompile Include="Resource\bounding_volume.cpp">
      <Filter>&lt;Collider&gt;</Filter>
    </ClCompile>
    <ClCompile Include="Resource\title.cpp">
      <Filter>&lt;Scene&gt;</Filter>
    </ClCompile>
    <ClCompile Include="Resource\scene.cpp">
      <Filter>&lt;Scene&gt;</Filter>
    </ClCompile>
    <ClCompile Include="Resource\result.cpp">
      <Filter>&lt;Scene&gt;</Filter>
    </ClCompile>
    <ClCompile Include="Resource\game.cpp">
      <Filter>&lt;Scene&gt;</Filter>
    </ClCompile>
    <ClCompile Include="resource\object.cpp">
      <Filter>&lt;Object&gt;</Filter>
    </ClCompile>
    <ClCompile Include="resource\object_2D.cpp">
      <Filter>&lt;Object&gt;</Filter>
    </ClCompile>
    <ClCompile Include="resource\object_3D.cpp">
      <Filter>&lt;Object&gt;</Filter>
    </ClCompile>
    <ClCompile Include="Resource\object_Billboard.cpp">
      <Filter>&lt;Object&gt;</Filter>
    </ClCompile>
    <ClCompile Include="Resource\object_HUD.cpp">
      <Filter>&lt;Object&gt;</Filter>
    </ClCompile>
    <ClCompile Include="resource\object_X.cpp">
      <Filter>&lt;Object&gt;</Filter>
    </ClCompile>
    <ClCompile Include="resource\input.cpp">
      <Filter>&lt;System&gt;\&lt;Input&gt;</Filter>
    </ClCompile>
    <ClCompile Include="Resource\input_keyboard.cpp">
      <Filter>&lt;System&gt;\&lt;Input&gt;</Filter>
    </ClCompile>
    <ClCompile Include="Resource\input_pad.cpp">
      <Filter>&lt;System&gt;\&lt;Input&gt;</Filter>
    </ClCompile>
    <ClCompile Include="resource\texture_manager.cpp">
      <Filter>&lt;System&gt;</Filter>
    </ClCompile>
    <ClCompile Include="resource\renderer.cpp">
      <Filter>&lt;System&gt;</Filter>
    </ClCompile>
    <ClCompile Include="resource\sound.cpp">
      <Filter>&lt;System&gt;</Filter>
    </ClCompile>
    <ClCompile Include="resource\manager.cpp">
      <Filter>&lt;System&gt;</Filter>
    </ClCompile>
    <ClCompile Include="Resource\fade.cpp">
      <Filter>&lt;System&gt;</Filter>
    </ClCompile>
    <ClCompile Include="Resource\character.cpp">
      <Filter>&lt;Character&gt;</Filter>
    </ClCompile>
    <ClCompile Include="Resource\character_state.cpp">
      <Filter>&lt;Character&gt;</Filter>
    </ClCompile>
    <ClCompile Include="Resource\character_state_manager.cpp">
      <Filter>&lt;Character&gt;</Filter>
    </ClCompile>
    <ClCompile Include="Resource\enemy.cpp">
      <Filter>&lt;Character&gt;\&lt;Enemy&gt;</Filter>
    </ClCompile>
    <ClCompile Include="Resource\player.cpp">
      <Filter>&lt;Character&gt;\&lt;Player&gt;</Filter>
    </ClCompile>
    <ClCompile Include="Resource\player_state.cpp">
      <Filter>&lt;Character&gt;\&lt;Player&gt;</Filter>
    </ClCompile>
    <ClCompile Include="Resource\player_state_damage.cpp">
      <Filter>&lt;Character&gt;\&lt;Player&gt;</Filter>
    </ClCompile>
    <ClCompile Include="Resource\player_state_dash.cpp">
      <Filter>&lt;Character&gt;\&lt;Player&gt;</Filter>
    </ClCompile>
    <ClCompile Include="Resource\player_state_default.cpp">
      <Filter>&lt;Character&gt;\&lt;Player&gt;</Filter>
    </ClCompile>
    <ClCompile Include="Resource\player_state_jump.cpp">
      <Filter>&lt;Character&gt;\&lt;Player&gt;</Filter>
    </ClCompile>
    <ClCompile Include="Resource\block.cpp">
      <Filter>&lt;Stage&gt;</Filter>
    </ClCompile>
    <ClCompile Include="Resource\rubble.cpp">
      <Filter>&lt;Stage&gt;</Filter>
    </ClCompile>
    <ClCompile Include="Resource\state.cpp">
      <Filter>&lt;Object&gt;</Filter>
    </ClCompile>
    <ClCompile Include="Resource\utility.cpp">
      <Filter>&lt;Utility&gt;</Filter>
    </ClCompile>
    <ClCompile Include="Resource\collision.cpp">
      <Filter>&lt;Utility&gt;</Filter>
    </ClCompile>
    <ClCompile Include="Resource\sparks.cpp">
      <Filter>&lt;Stage&gt;</Filter>
    </ClCompile>
    <ClCompile Include="Resource\object_Effect.cpp">
      <Filter>&lt;Object&gt;</Filter>
    </ClCompile>
    <ClCompile Include="Resource\player_state_slash.cpp">
      <Filter>&lt;Character&gt;\&lt;Player&gt;</Filter>
    </ClCompile>
    <ClCompile Include="Resource\player_state_wall.cpp">
      <Filter>&lt;Character&gt;\&lt;Player&gt;</Filter>
    </ClCompile>
    <ClCompile Include="ImGui\imgui_widgets.cpp">
      <Filter>&lt;ImGui&gt;</Filter>
    </ClCompile>
    <ClCompile Include="ImGui\imgui_tables.cpp">
      <Filter>&lt;ImGui&gt;</Filter>
    </ClCompile>
    <ClCompile Include="ImGui\imgui_impl_win32.cpp">
      <Filter>&lt;ImGui&gt;</Filter>
    </ClCompile>
    <ClCompile Include="ImGui\imgui_impl_dx9.cpp">
      <Filter>&lt;ImGui&gt;</Filter>
    </ClCompile>
    <ClCompile Include="ImGui\imgui_draw.cpp">
      <Filter>&lt;ImGui&gt;</Filter>
    </ClCompile>
    <ClCompile Include="ImGui\imgui_demo.cpp">
      <Filter>&lt;ImGui&gt;</Filter>
    </ClCompile>
    <ClCompile Include="ImGui\imgui.cpp">
      <Filter>&lt;ImGui&gt;</Filter>
    </ClCompile>
    <ClCompile Include="Resource\X_manager.cpp">
      <Filter>&lt;System&gt;</Filter>
    </ClCompile>
    <ClCompile Include="Resource\input_mouse.cpp">
      <Filter>&lt;System&gt;\&lt;Input&gt;</Filter>
    </ClCompile>
    <ClCompile Include="Resource\motion_set.cpp">
      <Filter>&lt;Object&gt;</Filter>
    </ClCompile>
    <ClCompile Include="Resource\object_Parts.cpp">
      <Filter>&lt;Object&gt;</Filter>
    </ClCompile>
    <ClCompile Include="Resource\constellation.cpp">
      <Filter>&lt;Stage&gt;</Filter>
    </ClCompile>
    <ClCompile Include="Resource\character_motion.cpp">
      <Filter>&lt;Character&gt;</Filter>
    </ClCompile>
    <ClCompile Include="Resource\render_collision.cpp">
      <Filter>&lt;Collider&gt;\&lt;Render&gt;</Filter>
    </ClCompile>
    <ClCompile Include="Resource\render_cylinder.cpp">
      <Filter>&lt;Collider&gt;\&lt;Render&gt;</Filter>
    </ClCompile>
    <ClCompile Include="Resource\render_sphere.cpp">
      <Filter>&lt;Collider&gt;\&lt;Render&gt;</Filter>
    </ClCompile>
    <ClCompile Include="Resource\render_box.cpp">
      <Filter>&lt;Collider&gt;\&lt;Render&gt;</Filter>
    </ClCompile>
    <ClCompile Include="Resource\boss.cpp">
      <Filter>&lt;Character&gt;\&lt;Boss&gt;</Filter>
    </ClCompile>
    <ClCompile Include="Resource\HUD_manager.cpp" />
    <ClCompile Include="Resource\item.cpp">
      <Filter>&lt;Stage&gt;\&lt;Item&gt;</Filter>
    </ClCompile>
    <ClCompile Include="Resource\monster.cpp">
      <Filter>&lt;Character&gt;\&lt;Enemy&gt;</Filter>
    </ClCompile>
    <ClCompile Include="Resource\ghost.cpp">
      <Filter>&lt;Character&gt;\&lt;Enemy&gt;</Filter>
    </ClCompile>
    <ClCompile Include="Resource\flyer.cpp">
      <Filter>&lt;Character&gt;\&lt;Enemy&gt;</Filter>
    </ClCompile>
    <ClCompile Include="Resource\life.cpp">
      <Filter>&lt;Stage&gt;\&lt;Item&gt;</Filter>
    </ClCompile>
    <ClCompile Include="Resource\summoning.cpp">
      <Filter>&lt;Stage&gt;</Filter>
    </ClCompile>
    <ClCompile Include="Resource\object_TextMesh.cpp">
      <Filter>&lt;Object&gt;</Filter>
    </ClCompile>
    <ClCompile Include="Resource\object_PopUp.cpp">
      <Filter>&lt;Object&gt;</Filter>
    </ClCompile>
    <ClCompile Include="Resource\bright.cpp">
      <Filter>&lt;Stage&gt;</Filter>
    </ClCompile>
    <ClCompile Include="Resource\field_builder.cpp" />
    <ClCompile Include="Resource\wings.cpp">
      <Filter>&lt;Stage&gt;\&lt;Item&gt;</Filter>
    </ClCompile>
    <ClCompile Include="Resource\boots.cpp">
      <Filter>&lt;Stage&gt;\&lt;Item&gt;</Filter>
    </ClCompile>
  </ItemGroup>
  <ItemGroup>
    <ClInclude Include="Resource\mask_rectangle.h" />
    <ClInclude Include="Resource\mesh_dome.h" />
    <ClInclude Include="resource\camera.h" />
    <ClInclude Include="Resource\cubic_bezier.h" />
    <ClInclude Include="Resource\fan.h" />
    <ClInclude Include="Resource\field_manager.h" />
    <ClInclude Include="resource\light.h" />
    <ClInclude Include="resource\main.h" />
    <ClInclude Include="resource\pch.h" />
    <ClInclude Include="Resource\quadratic_bezier.h" />
    <ClInclude Include="Resource\spline_test.h" />
    <ClInclude Include="Resource\bounding_box.h">
      <Filter>&lt;Collider&gt;</Filter>
    </ClInclude>
    <ClInclude Include="Resource\bounding_cylinder.h">
      <Filter>&lt;Collider&gt;</Filter>
    </ClInclude>
    <ClInclude Include="Resource\bounding_sphere.h">
      <Filter>&lt;Collider&gt;</Filter>
    </ClInclude>
    <ClInclude Include="Resource\bounding_volume.h">
      <Filter>&lt;Collider&gt;</Filter>
    </ClInclude>
    <ClInclude Include="Resource\title.h">
      <Filter>&lt;Scene&gt;</Filter>
    </ClInclude>
    <ClInclude Include="Resource\scene.h">
      <Filter>&lt;Scene&gt;</Filter>
    </ClInclude>
    <ClInclude Include="Resource\result.h">
      <Filter>&lt;Scene&gt;</Filter>
    </ClInclude>
    <ClInclude Include="Resource\game.h">
      <Filter>&lt;Scene&gt;</Filter>
    </ClInclude>
    <ClInclude Include="resource\object.h">
      <Filter>&lt;Object&gt;</Filter>
    </ClInclude>
    <ClInclude Include="resource\object_2D.h">
      <Filter>&lt;Object&gt;</Filter>
    </ClInclude>
    <ClInclude Include="resource\object_3D.h">
      <Filter>&lt;Object&gt;</Filter>
    </ClInclude>
    <ClInclude Include="Resource\object_Billboard.h">
      <Filter>&lt;Object&gt;</Filter>
    </ClInclude>
    <ClInclude Include="Resource\object_HUD.h">
      <Filter>&lt;Object&gt;</Filter>
    </ClInclude>
    <ClInclude Include="resource\object_X.h">
      <Filter>&lt;Object&gt;</Filter>
    </ClInclude>
    <ClInclude Include="resource\input.h">
      <Filter>&lt;System&gt;\&lt;Input&gt;</Filter>
    </ClInclude>
    <ClInclude Include="Resource\input_keyboard.h">
      <Filter>&lt;System&gt;\&lt;Input&gt;</Filter>
    </ClInclude>
    <ClInclude Include="Resource\input_pad.h">
      <Filter>&lt;System&gt;\&lt;Input&gt;</Filter>
    </ClInclude>
    <ClInclude Include="resource\texture_manager.h">
      <Filter>&lt;System&gt;</Filter>
    </ClInclude>
    <ClInclude Include="resource\renderer.h">
      <Filter>&lt;System&gt;</Filter>
    </ClInclude>
    <ClInclude Include="resource\sound.h">
      <Filter>&lt;System&gt;</Filter>
    </ClInclude>
    <ClInclude Include="resource\manager.h">
      <Filter>&lt;System&gt;</Filter>
    </ClInclude>
    <ClInclude Include="Resource\fade.h">
      <Filter>&lt;System&gt;</Filter>
    </ClInclude>
    <ClInclude Include="Resource\character.h">
      <Filter>&lt;Character&gt;</Filter>
    </ClInclude>
    <ClInclude Include="Resource\character_state.h">
      <Filter>&lt;Character&gt;</Filter>
    </ClInclude>
    <ClInclude Include="Resource\character_state_manager.h">
      <Filter>&lt;Character&gt;</Filter>
    </ClInclude>
    <ClInclude Include="Resource\enemy.h">
      <Filter>&lt;Character&gt;\&lt;Enemy&gt;</Filter>
    </ClInclude>
    <ClInclude Include="Resource\player.h">
      <Filter>&lt;Character&gt;\&lt;Player&gt;</Filter>
    </ClInclude>
    <ClInclude Include="Resource\player_state.h">
      <Filter>&lt;Character&gt;\&lt;Player&gt;</Filter>
    </ClInclude>
    <ClInclude Include="Resource\player_state_damage.h">
      <Filter>&lt;Character&gt;\&lt;Player&gt;</Filter>
    </ClInclude>
    <ClInclude Include="Resource\player_state_dash.h">
      <Filter>&lt;Character&gt;\&lt;Player&gt;</Filter>
    </ClInclude>
    <ClInclude Include="Resource\player_state_default.h">
      <Filter>&lt;Character&gt;\&lt;Player&gt;</Filter>
    </ClInclude>
    <ClInclude Include="Resource\player_state_jump.h">
      <Filter>&lt;Character&gt;\&lt;Player&gt;</Filter>
    </ClInclude>
    <ClInclude Include="Resource\block.h">
      <Filter>&lt;Stage&gt;</Filter>
    </ClInclude>
    <ClInclude Include="Resource\rubble.h">
      <Filter>&lt;Stage&gt;</Filter>
    </ClInclude>
    <ClInclude Include="Resource\state.h">
      <Filter>&lt;Object&gt;</Filter>
    </ClInclude>
    <ClInclude Include="Resource\utility.h">
      <Filter>&lt;Utility&gt;</Filter>
    </ClInclude>
    <ClInclude Include="Resource\collision.h">
      <Filter>&lt;Utility&gt;</Filter>
    </ClInclude>
    <ClInclude Include="Resource\sparks.h">
      <Filter>&lt;Stage&gt;</Filter>
    </ClInclude>
    <ClInclude Include="Resource\object_Effect.h">
      <Filter>&lt;Object&gt;</Filter>
    </ClInclude>
    <ClInclude Include="Resource\player_state_wall.h">
      <Filter>&lt;Character&gt;\&lt;Player&gt;</Filter>
    </ClInclude>
    <ClInclude Include="Resource\player_state_slash.h">
      <Filter>&lt;Character&gt;\&lt;Player&gt;</Filter>
    </ClInclude>
    <ClInclude Include="ImGui\imstb_truetype.h">
      <Filter>&lt;ImGui&gt;</Filter>
    </ClInclude>
    <ClInclude Include="ImGui\imstb_textedit.h">
      <Filter>&lt;ImGui&gt;</Filter>
    </ClInclude>
    <ClInclude Include="ImGui\imstb_rectpack.h">
      <Filter>&lt;ImGui&gt;</Filter>
    </ClInclude>
    <ClInclude Include="ImGui\imgui_internal.h">
      <Filter>&lt;ImGui&gt;</Filter>
    </ClInclude>
    <ClInclude Include="ImGui\imgui_impl_win32.h">
      <Filter>&lt;ImGui&gt;</Filter>
    </ClInclude>
    <ClInclude Include="ImGui\imgui_impl_dx9.h">
      <Filter>&lt;ImGui&gt;</Filter>
    </ClInclude>
    <ClInclude Include="ImGui\imgui.h">
      <Filter>&lt;ImGui&gt;</Filter>
    </ClInclude>
    <ClInclude Include="ImGui\imconfig.h">
      <Filter>&lt;ImGui&gt;</Filter>
    </ClInclude>
    <ClInclude Include="Resource\X_manager.h">
      <Filter>&lt;System&gt;</Filter>
    </ClInclude>
    <ClInclude Include="Resource\input_mouse.h">
      <Filter>&lt;System&gt;\&lt;Input&gt;</Filter>
    </ClInclude>
    <ClInclude Include="Resource\motion_set.h">
      <Filter>&lt;Object&gt;</Filter>
    </ClInclude>
    <ClInclude Include="Resource\object_Parts.h">
      <Filter>&lt;Object&gt;</Filter>
    </ClInclude>
    <ClInclude Include="Resource\constellation.h">
      <Filter>&lt;Stage&gt;</Filter>
    </ClInclude>
    <ClInclude Include="Resource\character_motion.h">
      <Filter>&lt;Character&gt;</Filter>
    </ClInclude>
    <ClInclude Include="Resource\render_sphere.h">
      <Filter>&lt;Collider&gt;\&lt;Render&gt;</Filter>
    </ClInclude>
    <ClInclude Include="Resource\render_collision.h">
      <Filter>&lt;Collider&gt;\&lt;Render&gt;</Filter>
    </ClInclude>
    <ClInclude Include="Resource\render_cylinder.h">
      <Filter>&lt;Collider&gt;\&lt;Render&gt;</Filter>
    </ClInclude>
    <ClInclude Include="Resource\render_box.h">
      <Filter>&lt;Collider&gt;\&lt;Render&gt;</Filter>
    </ClInclude>
    <ClInclude Include="Resource\boss.h">
      <Filter>&lt;Character&gt;\&lt;Boss&gt;</Filter>
    </ClInclude>
    <ClInclude Include="Resource\HUD_manager.h" />
    <ClInclude Include="Resource\item.h">
      <Filter>&lt;Stage&gt;\&lt;Item&gt;</Filter>
    </ClInclude>
    <ClInclude Include="Resource\monster.h">
      <Filter>&lt;Character&gt;\&lt;Enemy&gt;</Filter>
    </ClInclude>
    <ClInclude Include="Resource\ghost.h">
      <Filter>&lt;Character&gt;\&lt;Enemy&gt;</Filter>
    </ClInclude>
    <ClInclude Include="Resource\flyer.h">
      <Filter>&lt;Character&gt;\&lt;Enemy&gt;</Filter>
    </ClInclude>
    <ClInclude Include="Resource\life.h">
      <Filter>&lt;Stage&gt;\&lt;Item&gt;</Filter>
    </ClInclude>
    <ClInclude Include="Resource\summoning.h">
      <Filter>&lt;Stage&gt;</Filter>
    </ClInclude>
    <ClInclude Include="Resource\object_TextMesh.h">
      <Filter>&lt;Object&gt;</Filter>
    </ClInclude>
    <ClInclude Include="Resource\object_PopUp.h">
      <Filter>&lt;Object&gt;</Filter>
    </ClInclude>
    <ClInclude Include="Resource\bright.h">
      <Filter>&lt;Stage&gt;</Filter>
    </ClInclude>
    <ClInclude Include="Resource\field_builder.h" />
    <ClInclude Include="Resource\wings.h">
      <Filter>&lt;Stage&gt;\&lt;Item&gt;</Filter>
    </ClInclude>
    <ClInclude Include="Resource\boots.h">
      <Filter>&lt;Stage&gt;\&lt;Item&gt;</Filter>
    </ClInclude>
  </ItemGroup>
  <ItemGroup>
    <Filter Include="&lt;Object&gt;">
      <UniqueIdentifier>{97e60c37-3cab-4a6f-9f00-80e1d7f38c4a}</UniqueIdentifier>
    </Filter>
    <Filter Include="&lt;Collider&gt;">
      <UniqueIdentifier>{cc2a84be-c2e8-4e66-9acd-6a0f5ebd1d2f}</UniqueIdentifier>
    </Filter>
    <Filter Include="&lt;System&gt;">
      <UniqueIdentifier>{e8e0c940-d826-4680-a5f3-8bc400344620}</UniqueIdentifier>
    </Filter>
    <Filter Include="&lt;System&gt;\&lt;Input&gt;">
      <UniqueIdentifier>{671f83ae-673a-4a83-83fd-d45193394866}</UniqueIdentifier>
    </Filter>
    <Filter Include="&lt;Scene&gt;">
      <UniqueIdentifier>{bbc8e6b6-eda4-4574-8892-2f94771dc113}</UniqueIdentifier>
    </Filter>
    <Filter Include="&lt;ImGui&gt;">
      <UniqueIdentifier>{bd3ddba6-1f29-44ae-98bb-d67806c2ecaf}</UniqueIdentifier>
    </Filter>
    <Filter Include="&lt;Utility&gt;">
      <UniqueIdentifier>{07c8b80b-d72f-4cd8-8cb3-d5880e69bd8f}</UniqueIdentifier>
    </Filter>
    <Filter Include="&lt;Collider&gt;\&lt;Render&gt;">
      <UniqueIdentifier>{a9a65daa-9cd0-43a7-a0b3-d88ebdc5c175}</UniqueIdentifier>
    </Filter>
    <Filter Include="&lt;Character&gt;">
      <UniqueIdentifier>{936f6653-9f8b-4497-87fd-a78f47b730b4}</UniqueIdentifier>
    </Filter>
    <Filter Include="&lt;Character&gt;\&lt;Enemy&gt;">
      <UniqueIdentifier>{4a13d1eb-45a8-4384-99a5-74eff050a7b8}</UniqueIdentifier>
    </Filter>
    <Filter Include="&lt;Character&gt;\&lt;Player&gt;">
      <UniqueIdentifier>{439af8f7-27a7-4e67-b858-d6e348818fce}</UniqueIdentifier>
    </Filter>
    <Filter Include="&lt;Character&gt;\&lt;Boss&gt;">
      <UniqueIdentifier>{b95b35c4-0a85-4085-9ea3-98b827d9e901}</UniqueIdentifier>
    </Filter>
    <Filter Include="&lt;Stage&gt;">
      <UniqueIdentifier>{181bc8d0-f873-4338-b08a-ac0133216b0f}</UniqueIdentifier>
    </Filter>
    <Filter Include="&lt;Stage&gt;\&lt;Item&gt;">
      <UniqueIdentifier>{7ad7f24d-48a1-4fec-b5ab-37eb01f1317f}</UniqueIdentifier>
    </Filter>
  </ItemGroup>
</Project>